
Microsoft Visual Studio Solution File, Format Version 12.00
# Visual Studio Version 16
VisualStudioVersion = 16.0.29306.81
MinimumVisualStudioVersion = 10.0.40219.1
Project("{8BC9CEB8-8B4A-11D0-8D11-00A0C91BC942}") = "30-9-19_CalculatePostfix", "30-9-19_CalculatePostfix\30-9-19_CalculatePostfix.vcxproj", "{1C3E819C-6610-4ABC-9F46-47CF6CBD8F1D}"
EndProject
Global
	GlobalSection(SolutionConfigurationPlatforms) = preSolution
		Debug|x64 = Debug|x64
		Debug|x86 = Debug|x86
		Release|x64 = Release|x64
		Release|x86 = Release|x86
	EndGlobalSection
	GlobalSection(ProjectConfigurationPlatforms) = postSolution
		{1C3E819C-6610-4ABC-9F46-47CF6CBD8F1D}.Debug|x64.ActiveCfg = Debug|x64
		{1C3E819C-6610-4ABC-9F46-47CF6CBD8F1D}.Debug|x64.Build.0 = Debug|x64
		{1C3E819C-6610-4ABC-9F46-47CF6CBD8F1D}.Debug|x86.ActiveCfg = Debug|Win32
		{1C3E819C-6610-4ABC-9F46-47CF6CBD8F1D}.Debug|x86.Build.0 = Debug|Win32
		{1C3E819C-6610-4ABC-9F46-47CF6CBD8F1D}.Release|x64.ActiveCfg = Release|x64
		{1C3E819C-6610-4ABC-9F46-47CF6CBD8F1D}.Release|x64.Build.0 = Release|x64
		{1C3E819C-6610-4ABC-9F46-47CF6CBD8F1D}.Release|x86.ActiveCfg = Release|Win32
		{1C3E819C-6610-4ABC-9F46-47CF6CBD8F1D}.Release|x86.Build.0 = Release|Win32
	EndGlobalSection
	GlobalSection(SolutionProperties) = preSolution
		HideSolutionNode = FALSE
	EndGlobalSection
	GlobalSection(ExtensibilityGlobals) = postSolution
		SolutionGuid = {A47553D0-D389-4D9C-A5B9-DA5D547C8D96}
	EndGlobalSection
EndGlobal
